<?xml version="1.0" encoding="utf-8"?>
<Project ToolsVersion="4.0" xmlns="http://schemas.microsoft.com/developer/msbuild/2003">
  <ItemGroup>
    <Filter Include="Source Files">
      <UniqueIdentifier>{4FC737F1-C7A5-4376-A066-2A32D752A2FF}</UniqueIdentifier>
      <Extensions>cpp;c;cc;cxx;c++;cppm;ixx;def;odl;idl;hpj;bat;asm;asmx</Extensions>
    </Filter>
    <Filter Include="Header Files">
      <UniqueIdentifier>{93995380-89BD-4b04-88EB-625FBE52EBFB}</UniqueIdentifier>
      <Extensions>h;hh;hpp;hxx;h++;hm;inl;inc;ipp;xsd</Extensions>
    </Filter>
    <Filter Include="Resource Files">
      <UniqueIdentifier>{67DA6AB6-F800-4c08-8B7A-83BB121AAD01}</UniqueIdentifier>
      <Extensions>rc;ico;cur;bmp;dlg;rc2;rct;bin;rgs;gif;jpg;jpeg;jpe;resx;tiff;tif;png;wav;mfcribbon-ms</Extensions>
    </Filter>
  </ItemGroup>
  <ItemGroup>
    <ClCompile Include="src\CFeldSpieler.cpp">
      <Filter>Source Files</Filter>
    </ClCompile>
    <ClCompile Include="src\CKader.cpp">
      <Filter>Source Files</Filter>
    </ClCompile>
    <ClCompile Include="src\CTorwart.cpp">
      <Filter>Source Files</Filter>
    </ClCompile>
    <ClCompile Include="src\CTrainer.cpp">
      <Filter>Source Files</Filter>
    </ClCompile>
    <ClCompile Include="src\CVerein.cpp">
      <Filter>Source Files</Filter>
    </ClCompile>
    <ClCompile Include="src\Fussballverein.cpp">
      <Filter>Source Files</Filter>
    </ClCompile>
    <ClCompile Include="src\CFuehrung.cpp">
      <Filter>Source Files</Filter>
    </ClCompile>
  </ItemGroup>
  <ItemGroup>
    <ClInclude Include="src\CFeldSpieler.h">
      <Filter>Header Files</Filter>
    </ClInclude>
    <ClInclude Include="src\CKader.h">
      <Filter>Header Files</Filter>
    </ClInclude>
    <ClInclude Include="src\CPerson.h">
      <Filter>Header Files</Filter>
    </ClInclude>
    <ClInclude Include="src\CSpieler.h">
      <Filter>Header Files</Filter>
    </ClInclude>
    <ClInclude Include="src\CTorwart.h">
      <Filter>Header Files</Filter>
    </ClInclude>
    <ClInclude Include="src\CTrainer.h">
      <Filter>Header Files</Filter>
    </ClInclude>
    <ClInclude Include="src\CVerein.h">
      <Filter>Header Files</Filter>
    </ClInclude>
    <ClInclude Include="src\CFuehrung.h">
      <Filter>Header Files</Filter>
    </ClInclude>
  </ItemGroup>
</Project>